
Microsoft Visual Studio Solution File, Format Version 12.00
# Visual Studio Version 17
VisualStudioVersion = 17.8.34330.188
MinimumVisualStudioVersion = 10.0.40219.1
Project("{8BC9CEB8-8B4A-11D0-8D11-00A0C91BC942}") = "Waterfall3D", "Waterfall3D\Waterfall3D.vcxproj", "{E57C6DF2-7B5A-4876-A25A-2F3A5F8B182D}"
EndProject
Global
	GlobalSection(SolutionConfigurationPlatforms) = preSolution
		Debug|x64 = Debug|x64
		Debug|x86 = Debug|x86
		Release|x64 = Release|x64
		Release|x86 = Release|x86
	EndGlobalSection
	GlobalSection(ProjectConfigurationPlatforms) = postSolution
		{E57C6DF2-7B5A-4876-A25A-2F3A5F8B182D}.Debug|x64.ActiveCfg = Debug|x64
		{E57C6DF2-7B5A-4876-A25A-2F3A5F8B182D}.Debug|x64.Build.0 = Debug|x64
		{E57C6DF2-7B5A-4876-A25A-2F3A5F8B182D}.Debug|x86.ActiveCfg = Debug|Win32
		{E57C6DF2-7B5A-4876-A25A-2F3A5F8B182D}.Debug|x86.Build.0 = Debug|Win32
		{E57C6DF2-7B5A-4876-A25A-2F3A5F8B182D}.Release|x64.ActiveCfg = Release|x64
		{E57C6DF2-7B5A-4876-A25A-2F3A5F8B182D}.Release|x64.Build.0 = Release|x64
		{E57C6DF2-7B5A-4876-A25A-2F3A5F8B182D}.Release|x86.ActiveCfg = Release|Win32
		{E57C6DF2-7B5A-4876-A25A-2F3A5F8B182D}.Release|x86.Build.0 = Release|Win32
	EndGlobalSection
	GlobalSection(SolutionProperties) = preSolution
		HideSolutionNode = FALSE
	EndGlobalSection
	GlobalSection(ExtensibilityGlobals) = postSolution
		SolutionGuid = {130BF47D-FD5D-4737-AC05-0E09C25942BC}
	EndGlobalSection
EndGlobal
